
Microsoft Visual Studio Solution File, Format Version 12.00
# Visual Studio Express 2012 for Windows Desktop
Project("{FAE04EC0-301F-11D3-BF4B-00C04F79EFBC}") = "CordicSimulator", "CordicSimulator\CordicSimulator.csproj", "{831B2767-D992-4BA3-A8F1-D9B73C63014B}"
EndProject
Global
	GlobalSection(SolutionConfigurationPlatforms) = preSolution
		Debug|Any CPU = Debug|Any CPU
		Release|Any CPU = Release|Any CPU
	EndGlobalSection
	GlobalSection(ProjectConfigurationPlatforms) = postSolution
		{831B2767-D992-4BA3-A8F1-D9B73C63014B}.Debug|Any CPU.ActiveCfg = Debug|Any CPU
		{831B2767-D992-4BA3-A8F1-D9B73C63014B}.Debug|Any CPU.Build.0 = Debug|Any CPU
		{831B2767-D992-4BA3-A8F1-D9B73C63014B}.Release|Any CPU.ActiveCfg = Release|Any CPU
		{831B2767-D992-4BA3-A8F1-D9B73C63014B}.Release|Any CPU.Build.0 = Release|Any CPU
	EndGlobalSection
	GlobalSection(SolutionProperties) = preSolution
		HideSolutionNode = FALSE
	EndGlobalSection
EndGlobal
